
Microsoft Visual Studio Solution File, Format Version 12.00
# Visual Studio 14
VisualStudioVersion = 14.0.25420.1
MinimumVisualStudioVersion = 10.0.40219.1
Project("{FAE04EC0-301F-11D3-BF4B-00C04F79EFBC}") = "CiviBotti", "CiviBotti\CiviBotti.csproj", "{F9DE7413-E9F2-4B99-8D16-7C2FD50947FD}"
EndProject
Project("{FAE04EC0-301F-11D3-BF4B-00C04F79EFBC}") = "GmrData", "GmrData\GmrData.csproj", "{542A2FBC-17E4-4624-AD7F-415527165B61}"
EndProject
Project("{FAE04EC0-301F-11D3-BF4B-00C04F79EFBC}") = "CiviBottiTest", "CiviBottiTest\CiviBottiTest.csproj", "{84D6ADAE-26E6-4521-A364-0DFA6D0E94F8}"
EndProject
Global
	GlobalSection(SolutionConfigurationPlatforms) = preSolution
		Debug|Any CPU = Debug|Any CPU
		Release|Any CPU = Release|Any CPU
	EndGlobalSection
	GlobalSection(ProjectConfigurationPlatforms) = postSolution
		{F9DE7413-E9F2-4B99-8D16-7C2FD50947FD}.Debug|Any CPU.ActiveCfg = Debug|Any CPU
		{F9DE7413-E9F2-4B99-8D16-7C2FD50947FD}.Debug|Any CPU.Build.0 = Debug|Any CPU
		{F9DE7413-E9F2-4B99-8D16-7C2FD50947FD}.Release|Any CPU.ActiveCfg = Release|Any CPU
		{F9DE7413-E9F2-4B99-8D16-7C2FD50947FD}.Release|Any CPU.Build.0 = Release|Any CPU
		{542A2FBC-17E4-4624-AD7F-415527165B61}.Debug|Any CPU.ActiveCfg = Debug|Any CPU
		{542A2FBC-17E4-4624-AD7F-415527165B61}.Debug|Any CPU.Build.0 = Debug|Any CPU
		{542A2FBC-17E4-4624-AD7F-415527165B61}.Release|Any CPU.ActiveCfg = Release|Any CPU
		{542A2FBC-17E4-4624-AD7F-415527165B61}.Release|Any CPU.Build.0 = Release|Any CPU
		{84D6ADAE-26E6-4521-A364-0DFA6D0E94F8}.Debug|Any CPU.ActiveCfg = Debug|Any CPU
		{84D6ADAE-26E6-4521-A364-0DFA6D0E94F8}.Debug|Any CPU.Build.0 = Debug|Any CPU
		{84D6ADAE-26E6-4521-A364-0DFA6D0E94F8}.Release|Any CPU.ActiveCfg = Release|Any CPU
		{84D6ADAE-26E6-4521-A364-0DFA6D0E94F8}.Release|Any CPU.Build.0 = Release|Any CPU
	EndGlobalSection
	GlobalSection(SolutionProperties) = preSolution
		HideSolutionNode = FALSE
	EndGlobalSection
EndGlobal
